
Microsoft Visual Studio Solution File, Format Version 12.00
# Visual Studio Version 16
VisualStudioVersion = 16.0.31727.386
MinimumVisualStudioVersion = 10.0.40219.1
Project("{FAE04EC0-301F-11D3-BF4B-00C04F79EFBC}") = "projectccbs", "projectccbs.csproj", "{288F7E3F-B17E-43D5-B27E-21F7E8F38A60}"
EndProject
Global
	GlobalSection(SolutionConfigurationPlatforms) = preSolution
		Debug|Any CPU = Debug|Any CPU
		Release|Any CPU = Release|Any CPU
	EndGlobalSection
	GlobalSection(ProjectConfigurationPlatforms) = postSolution
		{288F7E3F-B17E-43D5-B27E-21F7E8F38A60}.Debug|Any CPU.ActiveCfg = Debug|Any CPU
		{288F7E3F-B17E-43D5-B27E-21F7E8F38A60}.Debug|Any CPU.Build.0 = Debug|Any CPU
		{288F7E3F-B17E-43D5-B27E-21F7E8F38A60}.Release|Any CPU.ActiveCfg = Release|Any CPU
		{288F7E3F-B17E-43D5-B27E-21F7E8F38A60}.Release|Any CPU.Build.0 = Release|Any CPU
	EndGlobalSection
	GlobalSection(SolutionProperties) = preSolution
		HideSolutionNode = FALSE
	EndGlobalSection
	GlobalSection(ExtensibilityGlobals) = postSolution
		SolutionGuid = {078E2DC8-9B16-477A-8276-716880472617}
	EndGlobalSection
EndGlobal
